
Microsoft Visual Studio Solution File, Format Version 12.00
# Visual Studio Version 17
VisualStudioVersion = 17.3.32819.101
MinimumVisualStudioVersion = 10.0.40219.1
Project("{FAE04EC0-301F-11D3-BF4B-00C04F79EFBC}") = "PersonalProject", "PersonalProject\PersonalProject.csproj", "{81BD5285-6FD4-4514-97A6-E6B34ACC0A7B}"
EndProject
Global
	GlobalSection(SolutionConfigurationPlatforms) = preSolution
		Debug|Any CPU = Debug|Any CPU
		Release|Any CPU = Release|Any CPU
	EndGlobalSection
	GlobalSection(ProjectConfigurationPlatforms) = postSolution
		{81BD5285-6FD4-4514-97A6-E6B34ACC0A7B}.Debug|Any CPU.ActiveCfg = Debug|Any CPU
		{81BD5285-6FD4-4514-97A6-E6B34ACC0A7B}.Debug|Any CPU.Build.0 = Debug|Any CPU
		{81BD5285-6FD4-4514-97A6-E6B34ACC0A7B}.Release|Any CPU.ActiveCfg = Release|Any CPU
		{81BD5285-6FD4-4514-97A6-E6B34ACC0A7B}.Release|Any CPU.Build.0 = Release|Any CPU
	EndGlobalSection
	GlobalSection(SolutionProperties) = preSolution
		HideSolutionNode = FALSE
	EndGlobalSection
	GlobalSection(ExtensibilityGlobals) = postSolution
		SolutionGuid = {44954134-A55D-46E5-B473-7FE43D875544}
	EndGlobalSection
EndGlobal
